
Microsoft Visual Studio Solution File, Format Version 12.00
# Visual Studio Version 16
VisualStudioVersion = 16.0.32002.261
MinimumVisualStudioVersion = 10.0.40219.1
Project("{FAE04EC0-301F-11D3-BF4B-00C04F79EFBC}") = "Proiect revix", "Proiect revix\Proiect revix.csproj", "{E1929010-A5AD-47F7-8356-738D03BA157C}"
EndProject
Global
	GlobalSection(SolutionConfigurationPlatforms) = preSolution
		Debug|Any CPU = Debug|Any CPU
		Release|Any CPU = Release|Any CPU
	EndGlobalSection
	GlobalSection(ProjectConfigurationPlatforms) = postSolution
		{E1929010-A5AD-47F7-8356-738D03BA157C}.Debug|Any CPU.ActiveCfg = Debug|Any CPU
		{E1929010-A5AD-47F7-8356-738D03BA157C}.Debug|Any CPU.Build.0 = Debug|Any CPU
		{E1929010-A5AD-47F7-8356-738D03BA157C}.Release|Any CPU.ActiveCfg = Release|Any CPU
		{E1929010-A5AD-47F7-8356-738D03BA157C}.Release|Any CPU.Build.0 = Release|Any CPU
	EndGlobalSection
	GlobalSection(SolutionProperties) = preSolution
		HideSolutionNode = FALSE
	EndGlobalSection
	GlobalSection(ExtensibilityGlobals) = postSolution
		SolutionGuid = {4CE10140-11C0-441F-9E7B-2515CD5BD867}
	EndGlobalSection
EndGlobal
